// !$*UTF8*$!
{
	archiveVersion = 1;
	classes = {
	};
	objectVersion = 46;
	objects = {

/* Begin PBXBuildFile section */
		8289EDCF1B747B0500CA1BD3 /* AppDelegate.swift in Sources */ = {isa = PBXBuildFile; fileRef = 8289EDCE1B747B0500CA1BD3 /* AppDelegate.swift */; };
		8289EDD11B747B0500CA1BD3 /* ViewController.swift in Sources */ = {isa = PBXBuildFile; fileRef = 8289EDD01B747B0500CA1BD3 /* ViewController.swift */; };
		8289EDD41B747B0500CA1BD3 /* Main.storyboard in Resources */ = {isa = PBXBuildFile; fileRef = 8289EDD21B747B0500CA1BD3 /* Main.storyboard */; };
		8289EDD61B747B0500CA1BD3 /* Images.xcassets in Resources */ = {isa = PBXBuildFile; fileRef = 8289EDD51B747B0500CA1BD3 /* Images.xcassets */; };
		8289EDD91B747B0500CA1BD3 /* LaunchScreen.xib in Resources */ = {isa = PBXBuildFile; fileRef = 8289EDD71B747B0500CA1BD3 /* LaunchScreen.xib */; };
		8289EDE51B747B0500CA1BD3 /* URLDownloaderTests.swift in Sources */ = {isa = PBXBuildFile; fileRef = 8289EDE41B747B0500CA1BD3 /* URLDownloaderTests.swift */; };
		8289EDFF1B76630C00CA1BD3 /* FileDownloadManager.swift in Sources */ = {isa = PBXBuildFile; fileRef = 8289EDFA1B76630C00CA1BD3 /* FileDownloadManager.swift */; };
		8289EE001B76630C00CA1BD3 /* FileDownload.swift in Sources */ = {isa = PBXBuildFile; fileRef = 8289EDFB1B76630C00CA1BD3 /* FileDownload.swift */; };
		8289EE011B76630C00CA1BD3 /* Cache.swift in Sources */ = {isa = PBXBuildFile; fileRef = 8289EDFD1B76630C00CA1BD3 /* Cache.swift */; };
		8289EE021B76630C00CA1BD3 /* CacheObject.swift in Sources */ = {isa = PBXBuildFile; fileRef = 8289EDFE1B76630C00CA1BD3 /* CacheObject.swift */; };
/* End PBXBuildFile section */

/* Begin PBXContainerItemProxy section */
		8289EDDF1B747B0500CA1BD3 /* PBXContainerItemProxy */ = {
			isa = PBXContainerItemProxy;
			containerPortal = 8289EDC11B747B0500CA1BD3 /* Project object */;
			proxyType = 1;
			remoteGlobalIDString = 8289EDC81B747B0500CA1BD3;
			remoteInfo = URLDownloader;
		};
/* End PBXContainerItemProxy section */

/* Begin PBXFileReference section */
		8289EDC91B747B0500CA1BD3 /* URLDownloader.app */ = {isa = PBXFileReference; explicitFileType = wrapper.application; includeInIndex = 0; path = URLDownloader.app; sourceTree = BUILT_PRODUCTS_DIR; };
		8289EDCD1B747B0500CA1BD3 /* Info.plist */ = {isa = PBXFileReference; lastKnownFileType = text.plist.xml; path = Info.plist; sourceTree = "<group>"; };
		8289EDCE1B747B0500CA1BD3 /* AppDelegate.swift */ = {isa = PBXFileReference; lastKnownFileType = sourcecode.swift; name = AppDelegate.swift; path = URLDownloader/AppDelegate.swift; sourceTree = "<group>"; };
		8289EDD01B747B0500CA1BD3 /* ViewController.swift */ = {isa = PBXFileReference; lastKnownFileType = sourcecode.swift; name = ViewController.swift; path = URLDownloader/ViewController.swift; sourceTree = "<group>"; };
		8289EDD31B747B0500CA1BD3 /* Base */ = {isa = PBXFileReference; lastKnownFileType = file.storyboard; name = Base; path = Base.lproj/Main.storyboard; sourceTree = "<group>"; };
		8289EDD51B747B0500CA1BD3 /* Images.xcassets */ = {isa = PBXFileReference; lastKnownFileType = folder.assetcatalog; name = Images.xcassets; path = URLDownloader/Images.xcassets; sourceTree = "<group>"; };
		8289EDD81B747B0500CA1BD3 /* Base */ = {isa = PBXFileReference; lastKnownFileType = file.xib; name = Base; path = Base.lproj/LaunchScreen.xib; sourceTree = "<group>"; };
		8289EDDE1B747B0500CA1BD3 /* URLDownloaderTests.xctest */ = {isa = PBXFileReference; explicitFileType = wrapper.cfbundle; includeInIndex = 0; path = URLDownloaderTests.xctest; sourceTree = BUILT_PRODUCTS_DIR; };
		8289EDE31B747B0500CA1BD3 /* Info.plist */ = {isa = PBXFileReference; lastKnownFileType = text.plist.xml; path = Info.plist; sourceTree = "<group>"; };
		8289EDE41B747B0500CA1BD3 /* URLDownloaderTests.swift */ = {isa = PBXFileReference; lastKnownFileType = sourcecode.swift; path = URLDownloaderTests.swift; sourceTree = "<group>"; };
		8289EDFA1B76630C00CA1BD3 /* FileDownloadManager.swift */ = {isa = PBXFileReference; fileEncoding = 4; lastKnownFileType = sourcecode.swift; path = FileDownloadManager.swift; sourceTree = "<group>"; };
		8289EDFB1B76630C00CA1BD3 /* FileDownload.swift */ = {isa = PBXFileReference; fileEncoding = 4; lastKnownFileType = sourcecode.swift; path = FileDownload.swift; sourceTree = "<group>"; };
		8289EDFD1B76630C00CA1BD3 /* Cache.swift */ = {isa = PBXFileReference; fileEncoding = 4; lastKnownFileType = sourcecode.swift; path = Cache.swift; sourceTree = "<group>"; };
		8289EDFE1B76630C00CA1BD3 /* CacheObject.swift */ = {isa = PBXFileReference; fileEncoding = 4; lastKnownFileType = sourcecode.swift; path = CacheObject.swift; sourceTree = "<group>"; };
/* End PBXFileReference section */

/* Begin PBXFrameworksBuildPhase section */
		8289EDC61B747B0500CA1BD3 /* Frameworks */ = {
			isa = PBXFrameworksBuildPhase;
			buildActionMask = 2147483647;
			files = (
			);
			runOnlyForDeploymentPostprocessing = 0;
		};
		8289EDDB1B747B0500CA1BD3 /* Frameworks */ = {
			isa = PBXFrameworksBuildPhase;
			buildActionMask = 2147483647;
			files = (
			);
			runOnlyForDeploymentPostprocessing = 0;
		};
/* End PBXFrameworksBuildPhase section */

/* Begin PBXGroup section */
		8289EDC01B747B0500CA1BD3 = {
			isa = PBXGroup;
			children = (
				8289EDF91B76630C00CA1BD3 /* FileDownloader */,
				8289EDCE1B747B0500CA1BD3 /* AppDelegate.swift */,
				8289EDD01B747B0500CA1BD3 /* ViewController.swift */,
				8289EDD21B747B0500CA1BD3 /* Main.storyboard */,
				8289EDD51B747B0500CA1BD3 /* Images.xcassets */,
				8289EDD71B747B0500CA1BD3 /* LaunchScreen.xib */,
				8289EDCC1B747B0500CA1BD3 /* Supporting Files */,
				8289EDE11B747B0500CA1BD3 /* URLDownloaderTests */,
				8289EDCA1B747B0500CA1BD3 /* Products */,
			);
			sourceTree = "<group>";
		};
		8289EDCA1B747B0500CA1BD3 /* Products */ = {
			isa = PBXGroup;
			children = (
				8289EDC91B747B0500CA1BD3 /* URLDownloader.app */,
				8289EDDE1B747B0500CA1BD3 /* URLDownloaderTests.xctest */,
			);
			name = Products;
			sourceTree = "<group>";
		};
		8289EDCC1B747B0500CA1BD3 /* Supporting Files */ = {
			isa = PBXGroup;
			children = (
				8289EDCD1B747B0500CA1BD3 /* Info.plist */,
			);
			name = "Supporting Files";
			path = URLDownloader;
			sourceTree = "<group>";
		};
		8289EDE11B747B0500CA1BD3 /* URLDownloaderTests */ = {
			isa = PBXGroup;
			children = (
				8289EDE41B747B0500CA1BD3 /* URLDownloaderTests.swift */,
				8289EDE21B747B0500CA1BD3 /* Supporting Files */,
			);
			path = URLDownloaderTests;
			sourceTree = "<group>";
		};
		8289EDE21B747B0500CA1BD3 /* Supporting Files */ = {
			isa = PBXGroup;
			children = (
				8289EDE31B747B0500CA1BD3 /* Info.plist */,
			);
			name = "Supporting Files";
			sourceTree = "<group>";
		};
		8289EDF91B76630C00CA1BD3 /* FileDownloader */ = {
			isa = PBXGroup;
			children = (
				8289EDFA1B76630C00CA1BD3 /* FileDownloadManager.swift */,
				8289EDFB1B76630C00CA1BD3 /* FileDownload.swift */,
				8289EDFC1B76630C00CA1BD3 /* Libraries */,
			);
			name = FileDownloader;
			path = URLDownloader/FileDownloader;
			sourceTree = "<group>";
		};
		8289EDFC1B76630C00CA1BD3 /* Libraries */ = {
			isa = PBXGroup;
			children = (
				8289EDFD1B76630C00CA1BD3 /* Cache.swift */,
				8289EDFE1B76630C00CA1BD3 /* CacheObject.swift */,
			);
			path = Libraries;
			sourceTree = "<group>";
		};
/* End PBXGroup section */

/* Begin PBXNativeTarget section */
		8289EDC81B747B0500CA1BD3 /* URLDownloader */ = {
			isa = PBXNativeTarget;
			buildConfigurationList = 8289EDE81B747B0500CA1BD3 /* Build configuration list for PBXNativeTarget "URLDownloader" */;
			buildPhases = (
				8289EDC51B747B0500CA1BD3 /* Sources */,
				8289EDC61B747B0500CA1BD3 /* Frameworks */,
				8289EDC71B747B0500CA1BD3 /* Resources */,
			);
			buildRules = (
			);
			dependencies = (
			);
			name = URLDownloader;
			productName = URLDownloader;
			productReference = 8289EDC91B747B0500CA1BD3 /* URLDownloader.app */;
			productType = "com.apple.product-type.application";
		};
		8289EDDD1B747B0500CA1BD3 /* URLDownloaderTests */ = {
			isa = PBXNativeTarget;
			buildConfigurationList = 8289EDEB1B747B0500CA1BD3 /* Build configuration list for PBXNativeTarget "URLDownloaderTests" */;
			buildPhases = (
				8289EDDA1B747B0500CA1BD3 /* Sources */,
				8289EDDB1B747B0500CA1BD3 /* Frameworks */,
				8289EDDC1B747B0500CA1BD3 /* Resources */,
			);
			buildRules = (
			);
			dependencies = (
				8289EDE01B747B0500CA1BD3 /* PBXTargetDependency */,
			);
			name = URLDownloaderTests;
			productName = URLDownloaderTests;
			productReference = 8289EDDE1B747B0500CA1BD3 /* URLDownloaderTests.xctest */;
			productType = "com.apple.product-type.bundle.unit-test";
		};
/* End PBXNativeTarget section */

/* Begin PBXProject section */
		8289EDC11B747B0500CA1BD3 /* Project object */ = {
			isa = PBXProject;
			attributes = {
				LastUpgradeCheck = 0640;
				ORGANIZATIONNAME = "Shripada Hebbar";
				TargetAttributes = {
					8289EDC81B747B0500CA1BD3 = {
						CreatedOnToolsVersion = 6.4;
					};
					8289EDDD1B747B0500CA1BD3 = {
						CreatedOnToolsVersion = 6.4;
						TestTargetID = 8289EDC81B747B0500CA1BD3;
					};
				};
			};
			buildConfigurationList = 8289EDC41B747B0500CA1BD3 /* Build configuration list for PBXProject "URLDownloader" */;
			compatibilityVersion = "Xcode 3.2";
			developmentRegion = English;
			hasScannedForEncodings = 0;
			knownRegions = (
				en,
				Base,
			);
			mainGroup = 8289EDC01B747B0500CA1BD3;
			productRefGroup = 8289EDCA1B747B0500CA1BD3 /* Products */;
			projectDirPath = "";
			projectRoot = "";
			targets = (
				8289EDC81B747B0500CA1BD3 /* URLDownloader */,
				8289EDDD1B747B0500CA1BD3 /* URLDownloaderTests */,
			);
		};
/* End PBXProject section */

/* Begin PBXResourcesBuildPhase section */
		8289EDC71B747B0500CA1BD3 /* Resources */ = {
			isa = PBXResourcesBuildPhase;
			buildActionMask = 2147483647;
			files = (
				8289EDD41B747B0500CA1BD3 /* Main.storyboard in Resources */,
				8289EDD91B747B0500CA1BD3 /* LaunchScreen.xib in Resources */,
				8289EDD61B747B0500CA1BD3 /* Images.xcassets in Resources */,
			);
			runOnlyForDeploymentPostprocessing = 0;
		};
		8289EDDC1B747B0500CA1BD3 /* Resources */ = {
			isa = PBXResourcesBuildPhase;
			buildActionMask = 2147483647;
			files = (
			);
			runOnlyForDeploymentPostprocessing = 0;
		};
/* End PBXResourcesBuildPhase section */

/* Begin PBXSourcesBuildPhase section */
		8289EDC51B747B0500CA1BD3 /* Sources */ = {
			isa = PBXSourcesBuildPhase;
			buildActionMask = 2147483647;
			files = (
				8289EDD11B747B0500CA1BD3 /* ViewController.swift in Sources */,
				8289EE011B76630C00CA1BD3 /* Cache.swift in Sources */,
				8289EE001B76630C00CA1BD3 /* FileDownload.swift in Sources */,
				8289EDFF1B76630C00CA1BD3 /* FileDownloadManager.swift in Sources */,
				8289EDCF1B747B0500CA1BD3 /* AppDelegate.swift in Sources */,
				8289EE021B76630C00CA1BD3 /* CacheObject.swift in Sources */,
			);
			runOnlyForDeploymentPostprocessing = 0;
		};
		8289EDDA1B747B0500CA1BD3 /* Sources */ = {
			isa = PBXSourcesBuildPhase;
			buildActionMask = 2147483647;
			files = (
				8289EDE51B747B0500CA1BD3 /* URLDownloaderTests.swift in Sources */,
			);
			runOnlyForDeploymentPostprocessing = 0;
		};
/* End PBXSourcesBuildPhase section */

/* Begin PBXTargetDependency section */
		8289EDE01B747B0500CA1BD3 /* PBXTargetDependency */ = {
			isa = PBXTargetDependency;
			target = 8289EDC81B747B0500CA1BD3 /* URLDownloader */;
			targetProxy = 8289EDDF1B747B0500CA1BD3 /* PBXContainerItemProxy */;
		};
/* End PBXTargetDependency section */

/* Begin PBXVariantGroup section */
		8289EDD21B747B0500CA1BD3 /* Main.storyboard */ = {
			isa = PBXVariantGroup;
			children = (
				8289EDD31B747B0500CA1BD3 /* Base */,
			);
			name = Main.storyboard;
			path = URLDownloader;
			sourceTree = "<group>";
		};
		8289EDD71B747B0500CA1BD3 /* LaunchScreen.xib */ = {
			isa = PBXVariantGroup;
			children = (
				8289EDD81B747B0500CA1BD3 /* Base */,
			);
			name = LaunchScreen.xib;
			path = URLDownloader;
			sourceTree = "<group>";
		};
/* End PBXVariantGroup section */

/* Begin XCBuildConfiguration section */
		8289EDE61B747B0500CA1BD3 /* Debug */ = {
			isa = XCBuildConfiguration;
			buildSettings = {
				ALWAYS_SEARCH_USER_PATHS = NO;
				CLANG_CXX_LANGUAGE_STANDARD = "gnu++0x";
				CLANG_CXX_LIBRARY = "libc++";
				CLANG_ENABLE_MODULES = YES;
				CLANG_ENABLE_OBJC_ARC = YES;
				CLANG_WARN_BOOL_CONVERSION = YES;
				CLANG_WARN_CONSTANT_CONVERSION = YES;
				CLANG_WARN_DIRECT_OBJC_ISA_USAGE = YES_ERROR;
				CLANG_WARN_EMPTY_BODY = YES;
				CLANG_WARN_ENUM_CONVERSION = YES;
				CLANG_WARN_INT_CONVERSION = YES;
				CLANG_WARN_OBJC_ROOT_CLASS = YES_ERROR;
				CLANG_WARN_UNREACHABLE_CODE = YES;
				CLANG_WARN__DUPLICATE_METHOD_MATCH = YES;
				"CODE_SIGN_IDENTITY[sdk=iphoneos*]" = "iPhone Developer";
				COPY_PHASE_STRIP = NO;
				DEBUG_INFORMATION_FORMAT = "dwarf-with-dsym";
				ENABLE_STRICT_OBJC_MSGSEND = YES;
				GCC_C_LANGUAGE_STANDARD = gnu99;
				GCC_DYNAMIC_NO_PIC = NO;
				GCC_NO_COMMON_BLOCKS = YES;
				GCC_OPTIMIZATION_LEVEL = 0;
				GCC_PREPROCESSOR_DEFINITIONS = (
					"DEBUG=1",
					"$(inherited)",
				);
				GCC_SYMBOLS_PRIVATE_EXTERN = NO;
				GCC_WARN_64_TO_32_BIT_CONVERSION = YES;
				GCC_WARN_ABOUT_RETURN_TYPE = YES_ERROR;
				GCC_WARN_UNDECLARED_SELECTOR = YES;
				GCC_WARN_UNINITIALIZED_AUTOS = YES_AGGRESSIVE;
				GCC_WARN_UNUSED_FUNCTION = YES;
				GCC_WARN_UNUSED_VARIABLE = YES;
				IPHONEOS_DEPLOYMENT_TARGET = 8.4;
				MTL_ENABLE_DEBUG_INFO = YES;
				ONLY_ACTIVE_ARCH = YES;
				SDKROOT = iphoneos;
				SWIFT_OPTIMIZATION_LEVEL = "-Onone";
				TARGETED_DEVICE_FAMILY = "1,2";
			};
			name = Debug;
		};
		8289EDE71B747B0500CA1BD3 /* Release */ = {
			isa = XCBuildConfiguration;
			buildSettings = {
				ALWAYS_SEARCH_USER_PATHS = NO;
				CLANG_CXX_LANGUAGE_STANDARD = "gnu++0x";
				CLANG_CXX_LIBRARY = "libc++";
				CLANG_ENABLE_MODULES = YES;
				CLANG_ENABLE_OBJC_ARC = YES;
				CLANG_WARN_BOOL_CONVERSION = YES;
				CLANG_WARN_CONSTANT_CONVERSION = YES;
				CLANG_WARN_DIRECT_OBJC_ISA_USAGE = YES_ERROR;
				CLANG_WARN_EMPTY_BODY = YES;
				CLANG_WARN_ENUM_CONVERSION = YES;
				CLANG_WARN_INT_CONVERSION = YES;
				CLANG_WARN_OBJC_ROOT_CLASS = YES_ERROR;
				CLANG_WARN_UNREACHABLE_CODE = YES;
				CLANG_WARN__DUPLICATE_METHOD_MATCH = YES;
				"CODE_SIGN_IDENTITY[sdk=iphoneos*]" = "iPhone Developer";
				COPY_PHASE_STRIP = NO;
				DEBUG_INFORMATION_FORMAT = "dwarf-with-dsym";
				ENABLE_NS_ASSERTIONS = NO;
				ENABLE_STRICT_OBJC_MSGSEND = YES;
				GCC_C_LANGUAGE_STANDARD = gnu99;
				GCC_NO_COMMON_BLOCKS = YES;
				GCC_WARN_64_TO_32_BIT_CONVERSION = YES;
				GCC_WARN_ABOUT_RETURN_TYPE = YES_ERROR;
				GCC_WARN_UNDECLARED_SELECTOR = YES;
				GCC_WARN_UNINITIALIZED_AUTOS = YES_AGGRESSIVE;
				GCC_WARN_UNUSED_FUNCTION = YES;
				GCC_WARN_UNUSED_VARIABLE = YES;
				IPHONEOS_DEPLOYMENT_TARGET = 8.4;
				MTL_ENABLE_DEBUG_INFO = NO;
				SDKROOT = iphoneos;
				TARGETED_DEVICE_FAMILY = "1,2";
				VALIDATE_PRODUCT = YES;
			};
			name = Release;
		};
		8289EDE91B747B0500CA1BD3 /* Debug */ = {
			isa = XCBuildConfiguration;
			buildSettings = {
				ASSETCATALOG_COMPILER_APPICON_NAME = AppIcon;
				INFOPLIST_FILE = URLDownloader/Info.plist;
				LD_RUNPATH_SEARCH_PATHS = "$(inherited) @executable_path/Frameworks";
				PRODUCT_NAME = "$(TARGET_NAME)";
			};
			name = Debug;
		};
		8289EDEA1B747B0500CA1BD3 /* Release */ = {
			isa = XCBuildConfiguration;
			buildSettings = {
				ASSETCATALOG_COMPILER_APPICON_NAME = AppIcon;
				INFOPLIST_FILE = URLDownloader/Info.plist;
				LD_RUNPATH_SEARCH_PATHS = "$(inherited) @executable_path/Frameworks";
				PRODUCT_NAME = "$(TARGET_NAME)";
			};
			name = Release;
		};
		8289EDEC1B747B0500CA1BD3 /* Debug */ = {
			isa = XCBuildConfiguration;
			buildSettings = {
				BUNDLE_LOADER = "$(TEST_HOST)";
				FRAMEWORK_SEARCH_PATHS = (
					"$(SDKROOT)/Developer/Library/Frameworks",
					"$(inherited)",
				);
				GCC_PREPROCESSOR_DEFINITIONS = (
					"DEBUG=1",
					"$(inherited)",
				);
				INFOPLIST_FILE = URLDownloaderTests/Info.plist;
				LD_RUNPATH_SEARCH_PATHS = "$(inherited) @executable_path/Frameworks @loader_path/Frameworks";
				PRODUCT_NAME = "$(TARGET_NAME)";
				TEST_HOST = "$(BUILT_PRODUCTS_DIR)/URLDownloader.app/URLDownloader";
			};
			name = Debug;
		};
		8289EDED1B747B0500CA1BD3 /* Release */ = {
			isa = XCBuildConfiguration;
			buildSettings = {
				BUNDLE_LOADER = "$(TEST_HOST)";
				FRAMEWORK_SEARCH_PATHS = (
					"$(SDKROOT)/Developer/Library/Frameworks",
					"$(inherited)",
				);
				INFOPLIST_FILE = URLDownloaderTests/Info.plist;
				LD_RUNPATH_SEARCH_PATHS = "$(inherited) @executable_path/Frameworks @loader_path/Frameworks";
				PRODUCT_NAME = "$(TARGET_NAME)";
				TEST_HOST = "$(BUILT_PRODUCTS_DIR)/URLDownloader.app/URLDownloader";
			};
			name = Release;
		};
/* End XCBuildConfiguration section */

/* Begin XCConfigurationList section */
		8289EDC41B747B0500CA1BD3 /* Build configuration list for PBXProject "URLDownloader" */ = {
			isa = XCConfigurationList;
			buildConfigurations = (
				8289EDE61B747B0500CA1BD3 /* Debug */,
				8289EDE71B747B0500CA1BD3 /* Release */,
			);
			defaultConfigurationIsVisible = 0;
			defaultConfigurationName = Release;
		};
		8289EDE81B747B0500CA1BD3 /* Build configuration list for PBXNativeTarget "URLDownloader" */ = {
			isa = XCConfigurationList;
			buildConfigurations = (
				8289EDE91B747B0500CA1BD3 /* Debug */,
				8289EDEA1B747B0500CA1BD3 /* Release */,
			);
			defaultConfigurationIsVisible = 0;
			defaultConfigurationName = Release;
		};
		8289EDEB1B747B0500CA1BD3 /* Build configuration list for PBXNativeTarget "URLDownloaderTests" */ = {
			isa = XCConfigurationList;
			buildConfigurations = (
				8289EDEC1B747B0500CA1BD3 /* Debug */,
				8289EDED1B747B0500CA1BD3 /* Release */,
			);
			defaultConfigurationIsVisible = 0;
			defaultConfigurationName = Release;
		};
/* End XCConfigurationList section */
	};
	rootObject = 8289EDC11B747B0500CA1BD3 /* Project object */;
}
